
Microsoft Visual Studio Solution File, Format Version 12.00
# Visual Studio Version 17
VisualStudioVersion = 17.0.31912.275
MinimumVisualStudioVersion = 10.0.40219.1
Project("{FAE04EC0-301F-11D3-BF4B-00C04F79EFBC}") = "Prog09_Matriz", "Prog09_Matriz\Prog09_Matriz.csproj", "{569616F7-A405-4D81-91D9-4ED1EB229C10}"
EndProject
Global
	GlobalSection(SolutionConfigurationPlatforms) = preSolution
		Debug|Any CPU = Debug|Any CPU
		Release|Any CPU = Release|Any CPU
	EndGlobalSection
	GlobalSection(ProjectConfigurationPlatforms) = postSolution
		{569616F7-A405-4D81-91D9-4ED1EB229C10}.Debug|Any CPU.ActiveCfg = Debug|Any CPU
		{569616F7-A405-4D81-91D9-4ED1EB229C10}.Debug|Any CPU.Build.0 = Debug|Any CPU
		{569616F7-A405-4D81-91D9-4ED1EB229C10}.Release|Any CPU.ActiveCfg = Release|Any CPU
		{569616F7-A405-4D81-91D9-4ED1EB229C10}.Release|Any CPU.Build.0 = Release|Any CPU
	EndGlobalSection
	GlobalSection(SolutionProperties) = preSolution
		HideSolutionNode = FALSE
	EndGlobalSection
	GlobalSection(ExtensibilityGlobals) = postSolution
		SolutionGuid = {8E1BE4C0-5A4E-4D41-A4E7-BF9C2A4850CF}
	EndGlobalSection
EndGlobal
