
Microsoft Visual Studio Solution File, Format Version 12.00
# Visual Studio Version 17
VisualStudioVersion = 17.0.31912.275
MinimumVisualStudioVersion = 10.0.40219.1
Project("{FAE04EC0-301F-11D3-BF4B-00C04F79EFBC}") = "Ex02_EstruturaCo", "Ex02_EstruturaCo\Ex02_EstruturaCo.csproj", "{B4FE5213-77DB-4A2B-8B00-4CC76AC82D84}"
EndProject
Global
	GlobalSection(SolutionConfigurationPlatforms) = preSolution
		Debug|Any CPU = Debug|Any CPU
		Release|Any CPU = Release|Any CPU
	EndGlobalSection
	GlobalSection(ProjectConfigurationPlatforms) = postSolution
		{B4FE5213-77DB-4A2B-8B00-4CC76AC82D84}.Debug|Any CPU.ActiveCfg = Debug|Any CPU
		{B4FE5213-77DB-4A2B-8B00-4CC76AC82D84}.Debug|Any CPU.Build.0 = Debug|Any CPU
		{B4FE5213-77DB-4A2B-8B00-4CC76AC82D84}.Release|Any CPU.ActiveCfg = Release|Any CPU
		{B4FE5213-77DB-4A2B-8B00-4CC76AC82D84}.Release|Any CPU.Build.0 = Release|Any CPU
	EndGlobalSection
	GlobalSection(SolutionProperties) = preSolution
		HideSolutionNode = FALSE
	EndGlobalSection
	GlobalSection(ExtensibilityGlobals) = postSolution
		SolutionGuid = {E148235C-07D9-40D6-BDD9-C7933E8C7F5B}
	EndGlobalSection
EndGlobal
