
Microsoft Visual Studio Solution File, Format Version 12.00
# Visual Studio Version 17
VisualStudioVersion = 17.0.31912.275
MinimumVisualStudioVersion = 10.0.40219.1
Project("{FAE04EC0-301F-11D3-BF4B-00C04F79EFBC}") = "Prog03_CondTernaria", "Prog03_CondTernaria\Prog03_CondTernaria.csproj", "{0D7DFA00-4EE1-47F8-A770-35EA9126B642}"
EndProject
Global
	GlobalSection(SolutionConfigurationPlatforms) = preSolution
		Debug|Any CPU = Debug|Any CPU
		Release|Any CPU = Release|Any CPU
	EndGlobalSection
	GlobalSection(ProjectConfigurationPlatforms) = postSolution
		{0D7DFA00-4EE1-47F8-A770-35EA9126B642}.Debug|Any CPU.ActiveCfg = Debug|Any CPU
		{0D7DFA00-4EE1-47F8-A770-35EA9126B642}.Debug|Any CPU.Build.0 = Debug|Any CPU
		{0D7DFA00-4EE1-47F8-A770-35EA9126B642}.Release|Any CPU.ActiveCfg = Release|Any CPU
		{0D7DFA00-4EE1-47F8-A770-35EA9126B642}.Release|Any CPU.Build.0 = Release|Any CPU
	EndGlobalSection
	GlobalSection(SolutionProperties) = preSolution
		HideSolutionNode = FALSE
	EndGlobalSection
	GlobalSection(ExtensibilityGlobals) = postSolution
		SolutionGuid = {FB046B41-76D2-4B80-91C9-8C2E17792963}
	EndGlobalSection
EndGlobal
