
Microsoft Visual Studio Solution File, Format Version 12.00
# Visual Studio Version 17
VisualStudioVersion = 17.0.31912.275
MinimumVisualStudioVersion = 10.0.40219.1
Project("{FAE04EC0-301F-11D3-BF4B-00C04F79EFBC}") = "Prog08_Operacoes_TimeSpan", "Prog08_Operacoes_TimeSpan\Prog08_Operacoes_TimeSpan.csproj", "{4A3302F8-3D80-4DAD-916A-675F909A347A}"
EndProject
Global
	GlobalSection(SolutionConfigurationPlatforms) = preSolution
		Debug|Any CPU = Debug|Any CPU
		Release|Any CPU = Release|Any CPU
	EndGlobalSection
	GlobalSection(ProjectConfigurationPlatforms) = postSolution
		{4A3302F8-3D80-4DAD-916A-675F909A347A}.Debug|Any CPU.ActiveCfg = Debug|Any CPU
		{4A3302F8-3D80-4DAD-916A-675F909A347A}.Debug|Any CPU.Build.0 = Debug|Any CPU
		{4A3302F8-3D80-4DAD-916A-675F909A347A}.Release|Any CPU.ActiveCfg = Release|Any CPU
		{4A3302F8-3D80-4DAD-916A-675F909A347A}.Release|Any CPU.Build.0 = Release|Any CPU
	EndGlobalSection
	GlobalSection(SolutionProperties) = preSolution
		HideSolutionNode = FALSE
	EndGlobalSection
	GlobalSection(ExtensibilityGlobals) = postSolution
		SolutionGuid = {B8D90C80-2C3C-480C-A4DE-61B64E5555D1}
	EndGlobalSection
EndGlobal
