
Microsoft Visual Studio Solution File, Format Version 12.00
# Visual Studio Version 17
VisualStudioVersion = 17.0.31912.275
MinimumVisualStudioVersion = 10.0.40219.1
Project("{FAE04EC0-301F-11D3-BF4B-00C04F79EFBC}") = "Ex06_EstruturaFor", "Ex06_EstruturaFor\Ex06_EstruturaFor.csproj", "{DD42C25D-6C1A-44D0-BA97-6F654881EDBC}"
EndProject
Global
	GlobalSection(SolutionConfigurationPlatforms) = preSolution
		Debug|Any CPU = Debug|Any CPU
		Release|Any CPU = Release|Any CPU
	EndGlobalSection
	GlobalSection(ProjectConfigurationPlatforms) = postSolution
		{DD42C25D-6C1A-44D0-BA97-6F654881EDBC}.Debug|Any CPU.ActiveCfg = Debug|Any CPU
		{DD42C25D-6C1A-44D0-BA97-6F654881EDBC}.Debug|Any CPU.Build.0 = Debug|Any CPU
		{DD42C25D-6C1A-44D0-BA97-6F654881EDBC}.Release|Any CPU.ActiveCfg = Release|Any CPU
		{DD42C25D-6C1A-44D0-BA97-6F654881EDBC}.Release|Any CPU.Build.0 = Release|Any CPU
	EndGlobalSection
	GlobalSection(SolutionProperties) = preSolution
		HideSolutionNode = FALSE
	EndGlobalSection
	GlobalSection(ExtensibilityGlobals) = postSolution
		SolutionGuid = {D057BA24-F452-400A-970B-669D024E46CE}
	EndGlobalSection
EndGlobal
