
Microsoft Visual Studio Solution File, Format Version 12.00
# Visual Studio Version 17
VisualStudioVersion = 17.0.31912.275
MinimumVisualStudioVersion = 10.0.40219.1
Project("{FAE04EC0-301F-11D3-BF4B-00C04F79EFBC}") = "Program03_POO_e_Metodo", "Program03_POO_e_Metodo\Program03_POO_e_Metodo.csproj", "{FBF00782-64AE-4E6C-AAB0-351DAF6D36A7}"
EndProject
Global
	GlobalSection(SolutionConfigurationPlatforms) = preSolution
		Debug|Any CPU = Debug|Any CPU
		Release|Any CPU = Release|Any CPU
	EndGlobalSection
	GlobalSection(ProjectConfigurationPlatforms) = postSolution
		{FBF00782-64AE-4E6C-AAB0-351DAF6D36A7}.Debug|Any CPU.ActiveCfg = Debug|Any CPU
		{FBF00782-64AE-4E6C-AAB0-351DAF6D36A7}.Debug|Any CPU.Build.0 = Debug|Any CPU
		{FBF00782-64AE-4E6C-AAB0-351DAF6D36A7}.Release|Any CPU.ActiveCfg = Release|Any CPU
		{FBF00782-64AE-4E6C-AAB0-351DAF6D36A7}.Release|Any CPU.Build.0 = Release|Any CPU
	EndGlobalSection
	GlobalSection(SolutionProperties) = preSolution
		HideSolutionNode = FALSE
	EndGlobalSection
	GlobalSection(ExtensibilityGlobals) = postSolution
		SolutionGuid = {5901B606-CE19-46E7-9646-6F7558DECAF1}
	EndGlobalSection
EndGlobal
