
Microsoft Visual Studio Solution File, Format Version 12.00
# Visual Studio Version 17
VisualStudioVersion = 17.0.31912.275
MinimumVisualStudioVersion = 10.0.40219.1
Project("{FAE04EC0-301F-11D3-BF4B-00C04F79EFBC}") = "Program06_MembrosEstaticos02", "Program06_MembrosEstaticos02\Program06_MembrosEstaticos02.csproj", "{A1D562B3-E626-4312-9559-3D561D00BB34}"
EndProject
Global
	GlobalSection(SolutionConfigurationPlatforms) = preSolution
		Debug|Any CPU = Debug|Any CPU
		Release|Any CPU = Release|Any CPU
	EndGlobalSection
	GlobalSection(ProjectConfigurationPlatforms) = postSolution
		{A1D562B3-E626-4312-9559-3D561D00BB34}.Debug|Any CPU.ActiveCfg = Debug|Any CPU
		{A1D562B3-E626-4312-9559-3D561D00BB34}.Debug|Any CPU.Build.0 = Debug|Any CPU
		{A1D562B3-E626-4312-9559-3D561D00BB34}.Release|Any CPU.ActiveCfg = Release|Any CPU
		{A1D562B3-E626-4312-9559-3D561D00BB34}.Release|Any CPU.Build.0 = Release|Any CPU
	EndGlobalSection
	GlobalSection(SolutionProperties) = preSolution
		HideSolutionNode = FALSE
	EndGlobalSection
	GlobalSection(ExtensibilityGlobals) = postSolution
		SolutionGuid = {9976EBB1-3461-4DE1-B27C-205B41E06D80}
	EndGlobalSection
EndGlobal
