
Microsoft Visual Studio Solution File, Format Version 12.00
# Visual Studio Version 17
VisualStudioVersion = 17.0.31912.275
MinimumVisualStudioVersion = 10.0.40219.1
Project("{FAE04EC0-301F-11D3-BF4B-00C04F79EFBC}") = "Programa 01 - Hello World", "Programa 01 - Hello World\Programa 01 - Hello World.csproj", "{4F684FEC-11D0-416C-87C5-DB1F0FFA1A3D}"
EndProject
Global
	GlobalSection(SolutionConfigurationPlatforms) = preSolution
		Debug|Any CPU = Debug|Any CPU
		Release|Any CPU = Release|Any CPU
	EndGlobalSection
	GlobalSection(ProjectConfigurationPlatforms) = postSolution
		{4F684FEC-11D0-416C-87C5-DB1F0FFA1A3D}.Debug|Any CPU.ActiveCfg = Debug|Any CPU
		{4F684FEC-11D0-416C-87C5-DB1F0FFA1A3D}.Debug|Any CPU.Build.0 = Debug|Any CPU
		{4F684FEC-11D0-416C-87C5-DB1F0FFA1A3D}.Release|Any CPU.ActiveCfg = Release|Any CPU
		{4F684FEC-11D0-416C-87C5-DB1F0FFA1A3D}.Release|Any CPU.Build.0 = Release|Any CPU
	EndGlobalSection
	GlobalSection(SolutionProperties) = preSolution
		HideSolutionNode = FALSE
	EndGlobalSection
	GlobalSection(ExtensibilityGlobals) = postSolution
		SolutionGuid = {845AF702-D3DB-4AD8-9CB7-59BC8C74D714}
	EndGlobalSection
EndGlobal
