
Microsoft Visual Studio Solution File, Format Version 12.00
# Visual Studio Version 17
VisualStudioVersion = 17.0.31912.275
MinimumVisualStudioVersion = 10.0.40219.1
Project("{FAE04EC0-301F-11D3-BF4B-00C04F79EFBC}") = "Programa04_Atribuicao", "Programa04_Atribuicao\Programa04_Atribuicao.csproj", "{A92768A7-19F3-4823-8692-4C82E29ABBF7}"
EndProject
Global
	GlobalSection(SolutionConfigurationPlatforms) = preSolution
		Debug|Any CPU = Debug|Any CPU
		Release|Any CPU = Release|Any CPU
	EndGlobalSection
	GlobalSection(ProjectConfigurationPlatforms) = postSolution
		{A92768A7-19F3-4823-8692-4C82E29ABBF7}.Debug|Any CPU.ActiveCfg = Debug|Any CPU
		{A92768A7-19F3-4823-8692-4C82E29ABBF7}.Debug|Any CPU.Build.0 = Debug|Any CPU
		{A92768A7-19F3-4823-8692-4C82E29ABBF7}.Release|Any CPU.ActiveCfg = Release|Any CPU
		{A92768A7-19F3-4823-8692-4C82E29ABBF7}.Release|Any CPU.Build.0 = Release|Any CPU
	EndGlobalSection
	GlobalSection(SolutionProperties) = preSolution
		HideSolutionNode = FALSE
	EndGlobalSection
	GlobalSection(ExtensibilityGlobals) = postSolution
		SolutionGuid = {70F21B1B-B0BD-45B9-94EB-24C49FA6A2E6}
	EndGlobalSection
EndGlobal
