
Microsoft Visual Studio Solution File, Format Version 12.00
# Visual Studio Version 17
VisualStudioVersion = 17.0.31912.275
MinimumVisualStudioVersion = 10.0.40219.1
Project("{FAE04EC0-301F-11D3-BF4B-00C04F79EFBC}") = "Prog07_AutoProperties", "Prog07_AutoProperties\Prog07_AutoProperties.csproj", "{0A26B2E7-0BA4-464D-92B4-488195E912CB}"
EndProject
Global
	GlobalSection(SolutionConfigurationPlatforms) = preSolution
		Debug|Any CPU = Debug|Any CPU
		Release|Any CPU = Release|Any CPU
	EndGlobalSection
	GlobalSection(ProjectConfigurationPlatforms) = postSolution
		{0A26B2E7-0BA4-464D-92B4-488195E912CB}.Debug|Any CPU.ActiveCfg = Debug|Any CPU
		{0A26B2E7-0BA4-464D-92B4-488195E912CB}.Debug|Any CPU.Build.0 = Debug|Any CPU
		{0A26B2E7-0BA4-464D-92B4-488195E912CB}.Release|Any CPU.ActiveCfg = Release|Any CPU
		{0A26B2E7-0BA4-464D-92B4-488195E912CB}.Release|Any CPU.Build.0 = Release|Any CPU
	EndGlobalSection
	GlobalSection(SolutionProperties) = preSolution
		HideSolutionNode = FALSE
	EndGlobalSection
	GlobalSection(ExtensibilityGlobals) = postSolution
		SolutionGuid = {9BEEF42C-1464-40A2-9E08-A6EBF84A26FA}
	EndGlobalSection
EndGlobal
