
Microsoft Visual Studio Solution File, Format Version 12.00
# Visual Studio Version 17
VisualStudioVersion = 17.0.31912.275
MinimumVisualStudioVersion = 10.0.40219.1
Project("{FAE04EC0-301F-11D3-BF4B-00C04F79EFBC}") = "Prog04_This_Referencia", "Prog04_This_Referencia\Prog04_This_Referencia.csproj", "{B31DA085-EB22-4239-9384-B983ED92FD0D}"
EndProject
Global
	GlobalSection(SolutionConfigurationPlatforms) = preSolution
		Debug|Any CPU = Debug|Any CPU
		Release|Any CPU = Release|Any CPU
	EndGlobalSection
	GlobalSection(ProjectConfigurationPlatforms) = postSolution
		{B31DA085-EB22-4239-9384-B983ED92FD0D}.Debug|Any CPU.ActiveCfg = Debug|Any CPU
		{B31DA085-EB22-4239-9384-B983ED92FD0D}.Debug|Any CPU.Build.0 = Debug|Any CPU
		{B31DA085-EB22-4239-9384-B983ED92FD0D}.Release|Any CPU.ActiveCfg = Release|Any CPU
		{B31DA085-EB22-4239-9384-B983ED92FD0D}.Release|Any CPU.Build.0 = Release|Any CPU
	EndGlobalSection
	GlobalSection(SolutionProperties) = preSolution
		HideSolutionNode = FALSE
	EndGlobalSection
	GlobalSection(ExtensibilityGlobals) = postSolution
		SolutionGuid = {F48C7D25-2C43-4910-997C-B6E80B4F8FC8}
	EndGlobalSection
EndGlobal
