
Microsoft Visual Studio Solution File, Format Version 12.00
# Visual Studio Version 17
VisualStudioVersion = 17.0.31912.275
MinimumVisualStudioVersion = 10.0.40219.1
Project("{FAE04EC0-301F-11D3-BF4B-00C04F79EFBC}") = "Prog03_SintaxeAlternativa", "Prog03_SintaxeAlternativa\Prog03_SintaxeAlternativa.csproj", "{BB47A77D-EB73-4804-83D9-5F1E3035A53B}"
EndProject
Global
	GlobalSection(SolutionConfigurationPlatforms) = preSolution
		Debug|Any CPU = Debug|Any CPU
		Release|Any CPU = Release|Any CPU
	EndGlobalSection
	GlobalSection(ProjectConfigurationPlatforms) = postSolution
		{BB47A77D-EB73-4804-83D9-5F1E3035A53B}.Debug|Any CPU.ActiveCfg = Debug|Any CPU
		{BB47A77D-EB73-4804-83D9-5F1E3035A53B}.Debug|Any CPU.Build.0 = Debug|Any CPU
		{BB47A77D-EB73-4804-83D9-5F1E3035A53B}.Release|Any CPU.ActiveCfg = Release|Any CPU
		{BB47A77D-EB73-4804-83D9-5F1E3035A53B}.Release|Any CPU.Build.0 = Release|Any CPU
	EndGlobalSection
	GlobalSection(SolutionProperties) = preSolution
		HideSolutionNode = FALSE
	EndGlobalSection
	GlobalSection(ExtensibilityGlobals) = postSolution
		SolutionGuid = {7FDF595F-9EEC-4908-9C32-9566062DFBA9}
	EndGlobalSection
EndGlobal
