
Microsoft Visual Studio Solution File, Format Version 12.00
# Visual Studio Version 17
VisualStudioVersion = 17.0.31912.275
MinimumVisualStudioVersion = 10.0.40219.1
Project("{FAE04EC0-301F-11D3-BF4B-00C04F79EFBC}") = "Programa14_While", "Programa14_While\Programa14_While.csproj", "{77BD93B0-772A-4628-8CAD-4EC30F81B6AA}"
EndProject
Global
	GlobalSection(SolutionConfigurationPlatforms) = preSolution
		Debug|Any CPU = Debug|Any CPU
		Release|Any CPU = Release|Any CPU
	EndGlobalSection
	GlobalSection(ProjectConfigurationPlatforms) = postSolution
		{77BD93B0-772A-4628-8CAD-4EC30F81B6AA}.Debug|Any CPU.ActiveCfg = Debug|Any CPU
		{77BD93B0-772A-4628-8CAD-4EC30F81B6AA}.Debug|Any CPU.Build.0 = Debug|Any CPU
		{77BD93B0-772A-4628-8CAD-4EC30F81B6AA}.Release|Any CPU.ActiveCfg = Release|Any CPU
		{77BD93B0-772A-4628-8CAD-4EC30F81B6AA}.Release|Any CPU.Build.0 = Release|Any CPU
	EndGlobalSection
	GlobalSection(SolutionProperties) = preSolution
		HideSolutionNode = FALSE
	EndGlobalSection
	GlobalSection(ExtensibilityGlobals) = postSolution
		SolutionGuid = {C127C5D1-793F-41B5-BF8C-69BDF30BDAD2}
	EndGlobalSection
EndGlobal
