
Microsoft Visual Studio Solution File, Format Version 12.00
# Visual Studio Version 17
VisualStudioVersion = 17.0.31912.275
MinimumVisualStudioVersion = 10.0.40219.1
Project("{FAE04EC0-301F-11D3-BF4B-00C04F79EFBC}") = "Prog09_DateTimeKind", "Prog09_DateTimeKind\Prog09_DateTimeKind.csproj", "{7E703CAB-1ECE-4BB5-9256-69E8F6D0562E}"
EndProject
Global
	GlobalSection(SolutionConfigurationPlatforms) = preSolution
		Debug|Any CPU = Debug|Any CPU
		Release|Any CPU = Release|Any CPU
	EndGlobalSection
	GlobalSection(ProjectConfigurationPlatforms) = postSolution
		{7E703CAB-1ECE-4BB5-9256-69E8F6D0562E}.Debug|Any CPU.ActiveCfg = Debug|Any CPU
		{7E703CAB-1ECE-4BB5-9256-69E8F6D0562E}.Debug|Any CPU.Build.0 = Debug|Any CPU
		{7E703CAB-1ECE-4BB5-9256-69E8F6D0562E}.Release|Any CPU.ActiveCfg = Release|Any CPU
		{7E703CAB-1ECE-4BB5-9256-69E8F6D0562E}.Release|Any CPU.Build.0 = Release|Any CPU
	EndGlobalSection
	GlobalSection(SolutionProperties) = preSolution
		HideSolutionNode = FALSE
	EndGlobalSection
	GlobalSection(ExtensibilityGlobals) = postSolution
		SolutionGuid = {34788A80-BF60-4249-8A44-22EBBC5507E1}
	EndGlobalSection
EndGlobal
