
Microsoft Visual Studio Solution File, Format Version 12.00
# Visual Studio Version 17
VisualStudioVersion = 17.0.31912.275
MinimumVisualStudioVersion = 10.0.40219.1
Project("{FAE04EC0-301F-11D3-BF4B-00C04F79EFBC}") = "Prog08_Lista", "Prog08_Lista\Prog08_Lista.csproj", "{B349DE47-C211-4E5C-B81F-7550C8BCB2FB}"
EndProject
Global
	GlobalSection(SolutionConfigurationPlatforms) = preSolution
		Debug|Any CPU = Debug|Any CPU
		Release|Any CPU = Release|Any CPU
	EndGlobalSection
	GlobalSection(ProjectConfigurationPlatforms) = postSolution
		{B349DE47-C211-4E5C-B81F-7550C8BCB2FB}.Debug|Any CPU.ActiveCfg = Debug|Any CPU
		{B349DE47-C211-4E5C-B81F-7550C8BCB2FB}.Debug|Any CPU.Build.0 = Debug|Any CPU
		{B349DE47-C211-4E5C-B81F-7550C8BCB2FB}.Release|Any CPU.ActiveCfg = Release|Any CPU
		{B349DE47-C211-4E5C-B81F-7550C8BCB2FB}.Release|Any CPU.Build.0 = Release|Any CPU
	EndGlobalSection
	GlobalSection(SolutionProperties) = preSolution
		HideSolutionNode = FALSE
	EndGlobalSection
	GlobalSection(ExtensibilityGlobals) = postSolution
		SolutionGuid = {27F43E74-A2A7-4FBF-9E3D-9F0F50EE634C}
	EndGlobalSection
EndGlobal
