
Microsoft Visual Studio Solution File, Format Version 12.00
# Visual Studio Version 17
VisualStudioVersion = 17.0.31912.275
MinimumVisualStudioVersion = 10.0.40219.1
Project("{FAE04EC0-301F-11D3-BF4B-00C04F79EFBC}") = "Ex03_EstruturaWhile", "Ex03_EstruturaWhile\Ex03_EstruturaWhile.csproj", "{912E8609-D172-4CE3-A314-2DE388B3C4C7}"
EndProject
Global
	GlobalSection(SolutionConfigurationPlatforms) = preSolution
		Debug|Any CPU = Debug|Any CPU
		Release|Any CPU = Release|Any CPU
	EndGlobalSection
	GlobalSection(ProjectConfigurationPlatforms) = postSolution
		{912E8609-D172-4CE3-A314-2DE388B3C4C7}.Debug|Any CPU.ActiveCfg = Debug|Any CPU
		{912E8609-D172-4CE3-A314-2DE388B3C4C7}.Debug|Any CPU.Build.0 = Debug|Any CPU
		{912E8609-D172-4CE3-A314-2DE388B3C4C7}.Release|Any CPU.ActiveCfg = Release|Any CPU
		{912E8609-D172-4CE3-A314-2DE388B3C4C7}.Release|Any CPU.Build.0 = Release|Any CPU
	EndGlobalSection
	GlobalSection(SolutionProperties) = preSolution
		HideSolutionNode = FALSE
	EndGlobalSection
	GlobalSection(ExtensibilityGlobals) = postSolution
		SolutionGuid = {3BC5C7F9-18E1-49BC-BE28-4140B467D3CD}
	EndGlobalSection
EndGlobal
