
Microsoft Visual Studio Solution File, Format Version 12.00
# Visual Studio Version 17
VisualStudioVersion = 17.0.31912.275
MinimumVisualStudioVersion = 10.0.40219.1
Project("{FAE04EC0-301F-11D3-BF4B-00C04F79EFBC}") = "Programa08_Leitura02", "Programa08_Leitura02\Programa08_Leitura02.csproj", "{9BC52189-50ED-4801-8D76-825A6B66A0DB}"
EndProject
Global
	GlobalSection(SolutionConfigurationPlatforms) = preSolution
		Debug|Any CPU = Debug|Any CPU
		Release|Any CPU = Release|Any CPU
	EndGlobalSection
	GlobalSection(ProjectConfigurationPlatforms) = postSolution
		{9BC52189-50ED-4801-8D76-825A6B66A0DB}.Debug|Any CPU.ActiveCfg = Debug|Any CPU
		{9BC52189-50ED-4801-8D76-825A6B66A0DB}.Debug|Any CPU.Build.0 = Debug|Any CPU
		{9BC52189-50ED-4801-8D76-825A6B66A0DB}.Release|Any CPU.ActiveCfg = Release|Any CPU
		{9BC52189-50ED-4801-8D76-825A6B66A0DB}.Release|Any CPU.Build.0 = Release|Any CPU
	EndGlobalSection
	GlobalSection(SolutionProperties) = preSolution
		HideSolutionNode = FALSE
	EndGlobalSection
	GlobalSection(ExtensibilityGlobals) = postSolution
		SolutionGuid = {D554A064-EB54-412E-96BF-F33762FC5F7C}
	EndGlobalSection
EndGlobal
