
Microsoft Visual Studio Solution File, Format Version 12.00
# Visual Studio Version 17
VisualStudioVersion = 17.0.31912.275
MinimumVisualStudioVersion = 10.0.40219.1
Project("{FAE04EC0-301F-11D3-BF4B-00C04F79EFBC}") = "Ex01_EstruturaCo", "Ex01_EstruturaCo\Ex01_EstruturaCo.csproj", "{8E16DE81-74F7-490D-A02E-6C8222159C55}"
EndProject
Global
	GlobalSection(SolutionConfigurationPlatforms) = preSolution
		Debug|Any CPU = Debug|Any CPU
		Release|Any CPU = Release|Any CPU
	EndGlobalSection
	GlobalSection(ProjectConfigurationPlatforms) = postSolution
		{8E16DE81-74F7-490D-A02E-6C8222159C55}.Debug|Any CPU.ActiveCfg = Debug|Any CPU
		{8E16DE81-74F7-490D-A02E-6C8222159C55}.Debug|Any CPU.Build.0 = Debug|Any CPU
		{8E16DE81-74F7-490D-A02E-6C8222159C55}.Release|Any CPU.ActiveCfg = Release|Any CPU
		{8E16DE81-74F7-490D-A02E-6C8222159C55}.Release|Any CPU.Build.0 = Release|Any CPU
	EndGlobalSection
	GlobalSection(SolutionProperties) = preSolution
		HideSolutionNode = FALSE
	EndGlobalSection
	GlobalSection(ExtensibilityGlobals) = postSolution
		SolutionGuid = {FFFAFBD9-4160-461A-A998-99521A6D5159}
	EndGlobalSection
EndGlobal
