
Microsoft Visual Studio Solution File, Format Version 12.00
# Visual Studio Version 17
VisualStudioVersion = 17.0.31912.275
MinimumVisualStudioVersion = 10.0.40219.1
Project("{FAE04EC0-301F-11D3-BF4B-00C04F79EFBC}") = "Programa13_Debugging", "Programa13_Debugging\Programa13_Debugging.csproj", "{D73151B4-D6AC-4D2A-830B-90F5FA23212A}"
EndProject
Global
	GlobalSection(SolutionConfigurationPlatforms) = preSolution
		Debug|Any CPU = Debug|Any CPU
		Release|Any CPU = Release|Any CPU
	EndGlobalSection
	GlobalSection(ProjectConfigurationPlatforms) = postSolution
		{D73151B4-D6AC-4D2A-830B-90F5FA23212A}.Debug|Any CPU.ActiveCfg = Debug|Any CPU
		{D73151B4-D6AC-4D2A-830B-90F5FA23212A}.Debug|Any CPU.Build.0 = Debug|Any CPU
		{D73151B4-D6AC-4D2A-830B-90F5FA23212A}.Release|Any CPU.ActiveCfg = Release|Any CPU
		{D73151B4-D6AC-4D2A-830B-90F5FA23212A}.Release|Any CPU.Build.0 = Release|Any CPU
	EndGlobalSection
	GlobalSection(SolutionProperties) = preSolution
		HideSolutionNode = FALSE
	EndGlobalSection
	GlobalSection(ExtensibilityGlobals) = postSolution
		SolutionGuid = {97F6575A-547F-40B5-9BB9-8D6C2BFF0D0E}
	EndGlobalSection
EndGlobal
